
Microsoft Visual Studio Solution File, Format Version 12.00
# Visual Studio Version 16
VisualStudioVersion = 16.0.31515.178
MinimumVisualStudioVersion = 10.0.40219.1
Project("{9A19103F-16F7-4668-BE54-9A1E7A4F7556}") = "NeiroLinkBackEnd", "NeiroLinkBackEnd\NeiroLinkBackEnd.csproj", "{B2126916-3B38-47AF-857A-AF3A4FF19652}"
EndProject
Project("{FAE04EC0-301F-11D3-BF4B-00C04F79EFBC}") = "NeiroNetLogic", "NeiroNetLogic\NeiroNetLogic.csproj", "{A444CF72-5EE0-4617-A7F1-656B1168B48B}"
EndProject
Project("{FAE04EC0-301F-11D3-BF4B-00C04F79EFBC}") = "NeiroNetInterfaces", "NeiroNetInterfaces\NeiroNetInterfaces.csproj", "{7D336BFD-5D33-49B6-B8E9-A69B064CE9C3}"
EndProject
Global
	GlobalSection(SolutionConfigurationPlatforms) = preSolution
		Debug|Any CPU = Debug|Any CPU
		Release|Any CPU = Release|Any CPU
	EndGlobalSection
	GlobalSection(ProjectConfigurationPlatforms) = postSolution
		{B2126916-3B38-47AF-857A-AF3A4FF19652}.Debug|Any CPU.ActiveCfg = Debug|Any CPU
		{B2126916-3B38-47AF-857A-AF3A4FF19652}.Debug|Any CPU.Build.0 = Debug|Any CPU
		{B2126916-3B38-47AF-857A-AF3A4FF19652}.Release|Any CPU.ActiveCfg = Release|Any CPU
		{B2126916-3B38-47AF-857A-AF3A4FF19652}.Release|Any CPU.Build.0 = Release|Any CPU
		{A444CF72-5EE0-4617-A7F1-656B1168B48B}.Debug|Any CPU.ActiveCfg = Debug|Any CPU
		{A444CF72-5EE0-4617-A7F1-656B1168B48B}.Debug|Any CPU.Build.0 = Debug|Any CPU
		{A444CF72-5EE0-4617-A7F1-656B1168B48B}.Release|Any CPU.ActiveCfg = Release|Any CPU
		{A444CF72-5EE0-4617-A7F1-656B1168B48B}.Release|Any CPU.Build.0 = Release|Any CPU
		{7D336BFD-5D33-49B6-B8E9-A69B064CE9C3}.Debug|Any CPU.ActiveCfg = Debug|Any CPU
		{7D336BFD-5D33-49B6-B8E9-A69B064CE9C3}.Debug|Any CPU.Build.0 = Debug|Any CPU
		{7D336BFD-5D33-49B6-B8E9-A69B064CE9C3}.Release|Any CPU.ActiveCfg = Release|Any CPU
		{7D336BFD-5D33-49B6-B8E9-A69B064CE9C3}.Release|Any CPU.Build.0 = Release|Any CPU
	EndGlobalSection
	GlobalSection(SolutionProperties) = preSolution
		HideSolutionNode = FALSE
	EndGlobalSection
	GlobalSection(ExtensibilityGlobals) = postSolution
		SolutionGuid = {78841DDF-126B-4DBB-B791-9BDA672175BC}
	EndGlobalSection
EndGlobal
